{
  "name": "com.kingdomlifestyleradio.klsradio",
  "version": "1.0.0",
  "lockfileVersion": 3,
  "requires": true,
  "packages": {
    "": {
      "name": "com.kingdomlifestyleradio.klsradio",
      "version": "1.0.0",
      "license": "Apache-2.0",
      "devDependencies": {
        "cordova-plugin-android-permissions": "^1.1.5",
        "cordova-plugin-background-mode": "^0.7.3",
        "cordova-plugin-device": "^3.0.0",
        "cordova-plugin-file": "^8.1.3",
        "cordova-plugin-media": "^7.0.0",
        "cordova-plugin-media-session": "^1.0.8",
        "cordova-plugin-music-controls2": "^3.0.7",
        "cordova-plugin-network-information": "^3.0.0",
        "cordova-plugin-powermanagement": "^1.0.5",
        "cordova-plugin-statusbar": "^4.0.0",
        "cordova-plugin-whitelist": "^1.3.4"
      }
    },
    "node_modules/cordova-plugin-android-permissions": {
      "version": "1.1.5",
      "resolved": "https://registry.npmjs.org/cordova-plugin-android-permissions/-/cordova-plugin-android-permissions-1.1.5.tgz",
      "integrity": "sha512-oTTV9cCMBqXTCmU+nYRebsP2IQfrtdvl2vYXHjoJgv5NHCIDgY4KFg6kJTcwXQOiymeGXuw0+MTvJJOueAdleA==",
      "dev": true,
      "engines": [
        {
          "name": "cordova",
          "version": ">=5.0.0"
        }
      ],
      "license": "Apache 2.0"
    },
    "node_modules/cordova-plugin-background-mode": {
      "version": "0.7.3",
      "resolved": "https://registry.npmjs.org/cordova-plugin-background-mode/-/cordova-plugin-background-mode-0.7.3.tgz",
      "integrity": "sha512-LsU1v7EgTUROaks+tcQ8TnMzVUcU/TwjDVwj2O/4e4aI2q2ldLGsiZorqKqfqvwh2HoIssmY73OwJk91hQi62w==",
      "dev": true,
      "engines": [
        {
          "name": "cordova",
          "version": ">=3.0.0"
        },
        {
          "name": "android-sdk",
          "version": ">=16"
        }
      ],
      "license": "Apache 2.0"
    },
    "node_modules/cordova-plugin-device": {
      "version": "3.0.0",
      "resolved": "https://registry.npmjs.org/cordova-plugin-device/-/cordova-plugin-device-3.0.0.tgz",
      "integrity": "sha512-g8fFYOvleeYpklWvHwZ/T8/IzJe/3O0MGVDIUoqBru4v8SNDAbNVD3oOqoOQANBWGFQMg7GIkAAl8errCHZ7zQ==",
      "dev": true,
      "license": "Apache-2.0",
      "engines": {
        "cordovaDependencies": {
          "2.1.0": {
            "cordova-electron": ">=3.0.0"
          },
          "3.0.0": {
            "cordova-android": ">=7.0.0",
            "cordova-electron": ">=3.0.0"
          },
          "4.0.0": {
            "cordova": ">100"
          }
        }
      }
    },
    "node_modules/cordova-plugin-file": {
      "version": "8.1.3",
      "resolved": "https://registry.npmjs.org/cordova-plugin-file/-/cordova-plugin-file-8.1.3.tgz",
      "integrity": "sha512-KlnP3CapNIsKncoWV5lYcIFYDPl0aZ1J3AH3QESlQX1Cb6Ct0p6GrAUvINyrFsjPbWHj8i0b6la6udVsghbATg==",
      "dev": true,
      "license": "Apache-2.0",
      "engines": {
        "cordovaDependencies": {
          "5.0.0": {
            "cordova-android": ">=6.3.0"
          },
          "7.0.0": {
            "cordova-android": ">=10.0.0"
          },
          "8.0.0": {
            "cordova-android": ">=12.0.0"
          },
          "9.0.0": {
            "cordova": ">100"
          }
        }
      }
    },
    "node_modules/cordova-plugin-media": {
      "version": "7.0.0",
      "resolved": "https://registry.npmjs.org/cordova-plugin-media/-/cordova-plugin-media-7.0.0.tgz",
      "integrity": "sha512-bnf03ZPii6WSkCTAO0SEDyyVK+q9M3tIR1YbNCh7k7N/sFrXSwo+2Equ+Tgp+u8emlNdawSPmpJtAi/J67Nutg==",
      "dev": true,
      "license": "Apache-2.0",
      "engines": {
        "cordovaDependencies": {
          "3.0.0": {
            "cordova-android": ">=6.1.0"
          },
          "4.0.0": {
            "cordova-android": ">=6.3.0"
          },
          "6.0.0": {
            "cordova-android": ">=10.0.0"
          },
          "7.0.0": {
            "cordova-android": ">=12.0.0"
          },
          "8.0.0": {
            "cordova": ">100"
          }
        }
      }
    },
    "node_modules/cordova-plugin-media-session": {
      "version": "1.0.8",
      "resolved": "https://registry.npmjs.org/cordova-plugin-media-session/-/cordova-plugin-media-session-1.0.8.tgz",
      "integrity": "sha512-bLMfg14T8odIXB7oIMcywAytS5zGteRG99gBwK7UOTmlFDJy1kSIh/tlL6s1CwmDNAgWllrCc1VDZ1kReu4oUg==",
      "dev": true,
      "license": "MIT"
    },
    "node_modules/cordova-plugin-music-controls2": {
      "version": "3.0.7",
      "resolved": "https://registry.npmjs.org/cordova-plugin-music-controls2/-/cordova-plugin-music-controls2-3.0.7.tgz",
      "integrity": "sha512-XnbMwcVv1lZSdV78DQqxTJ22/290G+Ks0kn36NJrLT6GF6+5L11L3pf2Hey+e8LoqObPcXy4uTANc+ToADanlg==",
      "dev": true,
      "engines": [
        {
          "name": "cordova",
          "version": ">=6.0.0"
        }
      ],
      "license": "MIT"
    },
    "node_modules/cordova-plugin-network-information": {
      "version": "3.0.0",
      "resolved": "https://registry.npmjs.org/cordova-plugin-network-information/-/cordova-plugin-network-information-3.0.0.tgz",
      "integrity": "sha512-bBtP3PxIX8vshsfR0+F6co2e2cFLgjt18yKIdigzMwk6ANudWQ72RB3g2qMPyT6fBDWmUyE1Qd+bKQB/fZtQwQ==",
      "dev": true,
      "license": "Apache-2.0",
      "engines": {
        "cordovaDependencies": {
          "3.0.0": {
            "cordova": ">=9"
          },
          "4.0.0": {
            "cordova": ">100"
          }
        }
      }
    },
    "node_modules/cordova-plugin-powermanagement": {
      "version": "1.0.5",
      "resolved": "https://registry.npmjs.org/cordova-plugin-powermanagement/-/cordova-plugin-powermanagement-1.0.5.tgz",
      "integrity": "sha512-X/gx6VB2KhAu0N1D6NxDilo3HElBr5MAQs38k4cC9GYKTe8EBwqJXcycZmjQMGKsttzAXIZrKjg36GrS8+/fvw==",
      "dev": true,
      "engines": [
        {
          "name": "cordova",
          "version": ">=3.0.0"
        }
      ],
      "license": "MIT"
    },
    "node_modules/cordova-plugin-statusbar": {
      "version": "4.0.0",
      "resolved": "https://registry.npmjs.org/cordova-plugin-statusbar/-/cordova-plugin-statusbar-4.0.0.tgz",
      "integrity": "sha512-NTVdQhj9msydnarCH8ijOhASx+6fO16hg17AilAjfzWRvcBoF+4kKkPhTkZM7D2bOBePhfHEaMhEnxnA3M4Dlg==",
      "dev": true,
      "license": "Apache-2.0",
      "engines": {
        "cordovaDependencies": {
          "0.1.0": {
            "cordova": ">=3.0.0"
          },
          "4.0.0": {
            "cordova": ">=3.0.0",
            "cordova-android": ">=10.0.0",
            "cordova-ios": ">=6.0.0"
          },
          "5.0.0": {
            "cordova": ">100"
          }
        }
      }
    },
    "node_modules/cordova-plugin-whitelist": {
      "version": "1.3.5",
      "resolved": "https://registry.npmjs.org/cordova-plugin-whitelist/-/cordova-plugin-whitelist-1.3.5.tgz",
      "integrity": "sha512-+v/VzCYBdGsIxJTP2m+RWaq7l/NLu7b976w6XGJUFiN2TVOeaGrytaR4jRy0w9akRai8uKFeBmuGHmlS/sOeCA==",
      "deprecated": "See https://github.com/apache/cordova-plugin-whitelist#deprecation-notice for details.",
      "dev": true,
      "license": "Apache-2.0",
      "engines": {
        "cordovaDependencies": {
          "0.0.0": {
            "cordova-android": ">=4.0.0"
          },
          "1.3.5": {
            "cordova-android": ">=4.0.0 <10.0.0"
          }
        }
      }
    }
  }
}
